// !$*UTF8*$!
{
	archiveVersion = 1;
	classes = {
	};
	objectVersion = 50;
	objects = {

/* Begin PBXBuildFile section */
		8E06588023801342006334CF /* AppDelegate.swift in Sources */ = {isa = PBXBuildFile; fileRef = 8E06587F23801342006334CF /* AppDelegate.swift */; };
		8E06588723801343006334CF /* Assets.xcassets in Resources */ = {isa = PBXBuildFile; fileRef = 8E06588623801343006334CF /* Assets.xcassets */; };
		8E06588A23801343006334CF /* LaunchScreen.storyboard in Resources */ = {isa = PBXBuildFile; fileRef = 8E06588823801343006334CF /* LaunchScreen.storyboard */; };
		8E06589523801344006334CF /* CarDealerAppTests.swift in Sources */ = {isa = PBXBuildFile; fileRef = 8E06589423801344006334CF /* CarDealerAppTests.swift */; };
		8E0658A223801694006334CF /* CarDealerAPI.swift in Sources */ = {isa = PBXBuildFile; fileRef = 8E0658A123801694006334CF /* CarDealerAPI.swift */; };
		8E0658A52380179B006334CF /* CarDealerResponse.swift in Sources */ = {isa = PBXBuildFile; fileRef = 8E0658A42380179B006334CF /* CarDealerResponse.swift */; };
		8E0658A723801838006334CF /* Client.swift in Sources */ = {isa = PBXBuildFile; fileRef = 8E0658A623801838006334CF /* Client.swift */; };
		8E0658AA23801B6B006334CF /* CarDealerConstants .swift in Sources */ = {isa = PBXBuildFile; fileRef = 8E0658A923801B6B006334CF /* CarDealerConstants .swift */; };
		8E0658B323801DDC006334CF /* ManufacturerPresenter.swift in Sources */ = {isa = PBXBuildFile; fileRef = 8E0658AD23801DDC006334CF /* ManufacturerPresenter.swift */; };
		8E0658B423801DDC006334CF /* ManufacturerWorker.swift in Sources */ = {isa = PBXBuildFile; fileRef = 8E0658AE23801DDC006334CF /* ManufacturerWorker.swift */; };
		8E0658B523801DDC006334CF /* ManufacturerRouter.swift in Sources */ = {isa = PBXBuildFile; fileRef = 8E0658AF23801DDC006334CF /* ManufacturerRouter.swift */; };
		8E0658B623801DDC006334CF /* ManufacturerModels.swift in Sources */ = {isa = PBXBuildFile; fileRef = 8E0658B023801DDC006334CF /* ManufacturerModels.swift */; };
		8E0658B723801DDC006334CF /* ManufacturerViewController.swift in Sources */ = {isa = PBXBuildFile; fileRef = 8E0658B123801DDC006334CF /* ManufacturerViewController.swift */; };
		8E0658B823801DDC006334CF /* ManufacturerInteractor.swift in Sources */ = {isa = PBXBuildFile; fileRef = 8E0658B223801DDC006334CF /* ManufacturerInteractor.swift */; };
		8E0658BE2380281D006334CF /* ManufacturerTableViewCell.swift in Sources */ = {isa = PBXBuildFile; fileRef = 8E0658BC2380281D006334CF /* ManufacturerTableViewCell.swift */; };
		8E0658BF2380281D006334CF /* ManufacturerTableViewCell.xib in Resources */ = {isa = PBXBuildFile; fileRef = 8E0658BD2380281D006334CF /* ManufacturerTableViewCell.xib */; };
		8E0658C323802BCE006334CF /* LoadingTableViewCell.swift in Sources */ = {isa = PBXBuildFile; fileRef = 8E0658C123802BCE006334CF /* LoadingTableViewCell.swift */; };
		8E0658C423802BCE006334CF /* LoadingTableViewCell.xib in Resources */ = {isa = PBXBuildFile; fileRef = 8E0658C223802BCE006334CF /* LoadingTableViewCell.xib */; };
		8E0658CB23804A3C006334CF /* CarModelsPresenter.swift in Sources */ = {isa = PBXBuildFile; fileRef = 8E0658C523804A3C006334CF /* CarModelsPresenter.swift */; };
		8E0658CC23804A3C006334CF /* CarModelsWorker.swift in Sources */ = {isa = PBXBuildFile; fileRef = 8E0658C623804A3C006334CF /* CarModelsWorker.swift */; };
		8E0658CD23804A3C006334CF /* CarModelsRouter.swift in Sources */ = {isa = PBXBuildFile; fileRef = 8E0658C723804A3C006334CF /* CarModelsRouter.swift */; };
		8E0658CE23804A3C006334CF /* CarModelsModels.swift in Sources */ = {isa = PBXBuildFile; fileRef = 8E0658C823804A3C006334CF /* CarModelsModels.swift */; };
		8E0658CF23804A3C006334CF /* CarModelsViewController.swift in Sources */ = {isa = PBXBuildFile; fileRef = 8E0658C923804A3C006334CF /* CarModelsViewController.swift */; };
		8E0658D023804A3C006334CF /* CarModelsInteractor.swift in Sources */ = {isa = PBXBuildFile; fileRef = 8E0658CA23804A3C006334CF /* CarModelsInteractor.swift */; };
		8E0658D623804CD9006334CF /* CommonListViewController.swift in Sources */ = {isa = PBXBuildFile; fileRef = 8E0658D423804CD9006334CF /* CommonListViewController.swift */; };
		8E0658D723804CD9006334CF /* CommonListViewController.xib in Resources */ = {isa = PBXBuildFile; fileRef = 8E0658D523804CD9006334CF /* CommonListViewController.xib */; };
		8E0658D92380553C006334CF /* ManufacturerModel.swift in Sources */ = {isa = PBXBuildFile; fileRef = 8E0658D82380553C006334CF /* ManufacturerModel.swift */; };
		8E0658DB2380583D006334CF /* CommonInteractor.swift in Sources */ = {isa = PBXBuildFile; fileRef = 8E0658DA2380583D006334CF /* CommonInteractor.swift */; };
/* End PBXBuildFile section */

/* Begin PBXContainerItemProxy section */
		8E06589123801344006334CF /* PBXContainerItemProxy */ = {
			isa = PBXContainerItemProxy;
			containerPortal = 8E06587423801342006334CF /* Project object */;
			proxyType = 1;
			remoteGlobalIDString = 8E06587B23801342006334CF;
			remoteInfo = CarDealerApp;
		};
/* End PBXContainerItemProxy section */

/* Begin PBXFileReference section */
		8E06587C23801342006334CF /* CarDealerApp.app */ = {isa = PBXFileReference; explicitFileType = wrapper.application; includeInIndex = 0; path = CarDealerApp.app; sourceTree = BUILT_PRODUCTS_DIR; };
		8E06587F23801342006334CF /* AppDelegate.swift */ = {isa = PBXFileReference; lastKnownFileType = sourcecode.swift; path = AppDelegate.swift; sourceTree = "<group>"; };
		8E06588623801343006334CF /* Assets.xcassets */ = {isa = PBXFileReference; lastKnownFileType = folder.assetcatalog; path = Assets.xcassets; sourceTree = "<group>"; };
		8E06588923801343006334CF /* Base */ = {isa = PBXFileReference; lastKnownFileType = file.storyboard; name = Base; path = Base.lproj/LaunchScreen.storyboard; sourceTree = "<group>"; };
		8E06588B23801343006334CF /* Info.plist */ = {isa = PBXFileReference; lastKnownFileType = text.plist.xml; path = Info.plist; sourceTree = "<group>"; };
		8E06589023801344006334CF /* CarDealerAppTests.xctest */ = {isa = PBXFileReference; explicitFileType = wrapper.cfbundle; includeInIndex = 0; path = CarDealerAppTests.xctest; sourceTree = BUILT_PRODUCTS_DIR; };
		8E06589423801344006334CF /* CarDealerAppTests.swift */ = {isa = PBXFileReference; lastKnownFileType = sourcecode.swift; path = CarDealerAppTests.swift; sourceTree = "<group>"; };
		8E06589623801344006334CF /* Info.plist */ = {isa = PBXFileReference; lastKnownFileType = text.plist.xml; path = Info.plist; sourceTree = "<group>"; };
		8E0658A123801694006334CF /* CarDealerAPI.swift */ = {isa = PBXFileReference; lastKnownFileType = sourcecode.swift; path = CarDealerAPI.swift; sourceTree = "<group>"; };
		8E0658A42380179B006334CF /* CarDealerResponse.swift */ = {isa = PBXFileReference; lastKnownFileType = sourcecode.swift; path = CarDealerResponse.swift; sourceTree = "<group>"; };
		8E0658A623801838006334CF /* Client.swift */ = {isa = PBXFileReference; lastKnownFileType = sourcecode.swift; path = Client.swift; sourceTree = "<group>"; };
		8E0658A923801B6B006334CF /* CarDealerConstants .swift */ = {isa = PBXFileReference; lastKnownFileType = sourcecode.swift; path = "CarDealerConstants .swift"; sourceTree = "<group>"; };
		8E0658AD23801DDC006334CF /* ManufacturerPresenter.swift */ = {isa = PBXFileReference; lastKnownFileType = sourcecode.swift; path = ManufacturerPresenter.swift; sourceTree = "<group>"; };
		8E0658AE23801DDC006334CF /* ManufacturerWorker.swift */ = {isa = PBXFileReference; lastKnownFileType = sourcecode.swift; path = ManufacturerWorker.swift; sourceTree = "<group>"; };
		8E0658AF23801DDC006334CF /* ManufacturerRouter.swift */ = {isa = PBXFileReference; lastKnownFileType = sourcecode.swift; path = ManufacturerRouter.swift; sourceTree = "<group>"; };
		8E0658B023801DDC006334CF /* ManufacturerModels.swift */ = {isa = PBXFileReference; lastKnownFileType = sourcecode.swift; path = ManufacturerModels.swift; sourceTree = "<group>"; };
		8E0658B123801DDC006334CF /* ManufacturerViewController.swift */ = {isa = PBXFileReference; lastKnownFileType = sourcecode.swift; path = ManufacturerViewController.swift; sourceTree = "<group>"; };
		8E0658B223801DDC006334CF /* ManufacturerInteractor.swift */ = {isa = PBXFileReference; lastKnownFileType = sourcecode.swift; path = ManufacturerInteractor.swift; sourceTree = "<group>"; };
		8E0658BC2380281D006334CF /* ManufacturerTableViewCell.swift */ = {isa = PBXFileReference; lastKnownFileType = sourcecode.swift; path = ManufacturerTableViewCell.swift; sourceTree = "<group>"; };
		8E0658BD2380281D006334CF /* ManufacturerTableViewCell.xib */ = {isa = PBXFileReference; lastKnownFileType = file.xib; path = ManufacturerTableViewCell.xib; sourceTree = "<group>"; };
		8E0658C123802BCE006334CF /* LoadingTableViewCell.swift */ = {isa = PBXFileReference; lastKnownFileType = sourcecode.swift; path = LoadingTableViewCell.swift; sourceTree = "<group>"; };
		8E0658C223802BCE006334CF /* LoadingTableViewCell.xib */ = {isa = PBXFileReference; lastKnownFileType = file.xib; path = LoadingTableViewCell.xib; sourceTree = "<group>"; };
		8E0658C523804A3C006334CF /* CarModelsPresenter.swift */ = {isa = PBXFileReference; lastKnownFileType = sourcecode.swift; path = CarModelsPresenter.swift; sourceTree = "<group>"; };
		8E0658C623804A3C006334CF /* CarModelsWorker.swift */ = {isa = PBXFileReference; lastKnownFileType = sourcecode.swift; path = CarModelsWorker.swift; sourceTree = "<group>"; };
		8E0658C723804A3C006334CF /* CarModelsRouter.swift */ = {isa = PBXFileReference; lastKnownFileType = sourcecode.swift; path = CarModelsRouter.swift; sourceTree = "<group>"; };
		8E0658C823804A3C006334CF /* CarModelsModels.swift */ = {isa = PBXFileReference; lastKnownFileType = sourcecode.swift; path = CarModelsModels.swift; sourceTree = "<group>"; };
		8E0658C923804A3C006334CF /* CarModelsViewController.swift */ = {isa = PBXFileReference; lastKnownFileType = sourcecode.swift; path = CarModelsViewController.swift; sourceTree = "<group>"; };
		8E0658CA23804A3C006334CF /* CarModelsInteractor.swift */ = {isa = PBXFileReference; lastKnownFileType = sourcecode.swift; path = CarModelsInteractor.swift; sourceTree = "<group>"; };
		8E0658D423804CD9006334CF /* CommonListViewController.swift */ = {isa = PBXFileReference; lastKnownFileType = sourcecode.swift; path = CommonListViewController.swift; sourceTree = "<group>"; };
		8E0658D523804CD9006334CF /* CommonListViewController.xib */ = {isa = PBXFileReference; lastKnownFileType = file.xib; path = CommonListViewController.xib; sourceTree = "<group>"; };
		8E0658D82380553C006334CF /* ManufacturerModel.swift */ = {isa = PBXFileReference; lastKnownFileType = sourcecode.swift; path = ManufacturerModel.swift; sourceTree = "<group>"; };
		8E0658DA2380583D006334CF /* CommonInteractor.swift */ = {isa = PBXFileReference; lastKnownFileType = sourcecode.swift; path = CommonInteractor.swift; sourceTree = "<group>"; };
/* End PBXFileReference section */

/* Begin PBXFrameworksBuildPhase section */
		8E06587923801342006334CF /* Frameworks */ = {
			isa = PBXFrameworksBuildPhase;
			buildActionMask = 2147483647;
			files = (
			);
			runOnlyForDeploymentPostprocessing = 0;
		};
		8E06588D23801344006334CF /* Frameworks */ = {
			isa = PBXFrameworksBuildPhase;
			buildActionMask = 2147483647;
			files = (
			);
			runOnlyForDeploymentPostprocessing = 0;
		};
/* End PBXFrameworksBuildPhase section */

/* Begin PBXGroup section */
		8E06587323801342006334CF = {
			isa = PBXGroup;
			children = (
				8E06587E23801342006334CF /* CarDealerApp */,
				8E06589323801344006334CF /* CarDealerAppTests */,
				8E06587D23801342006334CF /* Products */,
			);
			sourceTree = "<group>";
		};
		8E06587D23801342006334CF /* Products */ = {
			isa = PBXGroup;
			children = (
				8E06587C23801342006334CF /* CarDealerApp.app */,
				8E06589023801344006334CF /* CarDealerAppTests.xctest */,
			);
			name = Products;
			sourceTree = "<group>";
		};
		8E06587E23801342006334CF /* CarDealerApp */ = {
			isa = PBXGroup;
			children = (
				8E0658A823801B52006334CF /* Helpers */,
				8E0658A3238016A1006334CF /* Scenes */,
				8E0658A023801680006334CF /* Models */,
				8E06589F2380166D006334CF /* API */,
				8E06587F23801342006334CF /* AppDelegate.swift */,
				8E06588623801343006334CF /* Assets.xcassets */,
				8E06588823801343006334CF /* LaunchScreen.storyboard */,
				8E06588B23801343006334CF /* Info.plist */,
			);
			path = CarDealerApp;
			sourceTree = "<group>";
		};
		8E06589323801344006334CF /* CarDealerAppTests */ = {
			isa = PBXGroup;
			children = (
				8E06589423801344006334CF /* CarDealerAppTests.swift */,
				8E06589623801344006334CF /* Info.plist */,
			);
			path = CarDealerAppTests;
			sourceTree = "<group>";
		};
		8E06589F2380166D006334CF /* API */ = {
			isa = PBXGroup;
			children = (
				8E0658A123801694006334CF /* CarDealerAPI.swift */,
				8E0658A623801838006334CF /* Client.swift */,
			);
			path = API;
			sourceTree = "<group>";
		};
		8E0658A023801680006334CF /* Models */ = {
			isa = PBXGroup;
			children = (
				8E0658A42380179B006334CF /* CarDealerResponse.swift */,
				8E0658D82380553C006334CF /* ManufacturerModel.swift */,
			);
			path = Models;
			sourceTree = "<group>";
		};
		8E0658A3238016A1006334CF /* Scenes */ = {
			isa = PBXGroup;
			children = (
				8E0658D123804A4A006334CF /* Car Models */,
				8E0658C023802B7E006334CF /* Helper Views */,
				8E0658AB23801DB1006334CF /* Manufacturers */,
			);
			path = Scenes;
			sourceTree = "<group>";
		};
		8E0658A823801B52006334CF /* Helpers */ = {
			isa = PBXGroup;
			children = (
				8E0658A923801B6B006334CF /* CarDealerConstants .swift */,
			);
			path = Helpers;
			sourceTree = "<group>";
		};
		8E0658AB23801DB1006334CF /* Manufacturers */ = {
			isa = PBXGroup;
			children = (
				8E0658AD23801DDC006334CF /* ManufacturerPresenter.swift */,
				8E0658AE23801DDC006334CF /* ManufacturerWorker.swift */,
				8E0658AF23801DDC006334CF /* ManufacturerRouter.swift */,
				8E0658B023801DDC006334CF /* ManufacturerModels.swift */,
				8E0658B123801DDC006334CF /* ManufacturerViewController.swift */,
				8E0658B223801DDC006334CF /* ManufacturerInteractor.swift */,
			);
			path = Manufacturers;
			sourceTree = "<group>";
		};
		8E0658C023802B7E006334CF /* Helper Views */ = {
			isa = PBXGroup;
			children = (
				8E0658D323804CC3006334CF /* Views */,
				8E0658D223804CBB006334CF /* Cells */,
				8E0658DA2380583D006334CF /* CommonInteractor.swift */,
			);
			path = "Helper Views";
			sourceTree = "<group>";
		};
		8E0658D123804A4A006334CF /* Car Models */ = {
			isa = PBXGroup;
			children = (
				8E0658C523804A3C006334CF /* CarModelsPresenter.swift */,
				8E0658C623804A3C006334CF /* CarModelsWorker.swift */,
				8E0658C723804A3C006334CF /* CarModelsRouter.swift */,
				8E0658C823804A3C006334CF /* CarModelsModels.swift */,
				8E0658C923804A3C006334CF /* CarModelsViewController.swift */,
				8E0658CA23804A3C006334CF /* CarModelsInteractor.swift */,
			);
			path = "Car Models";
			sourceTree = "<group>";
		};
		8E0658D223804CBB006334CF /* Cells */ = {
			isa = PBXGroup;
			children = (
				8E0658BC2380281D006334CF /* ManufacturerTableViewCell.swift */,
				8E0658BD2380281D006334CF /* ManufacturerTableViewCell.xib */,
				8E0658C123802BCE006334CF /* LoadingTableViewCell.swift */,
				8E0658C223802BCE006334CF /* LoadingTableViewCell.xib */,
			);
			path = Cells;
			sourceTree = "<group>";
		};
		8E0658D323804CC3006334CF /* Views */ = {
			isa = PBXGroup;
			children = (
				8E0658D423804CD9006334CF /* CommonListViewController.swift */,
				8E0658D523804CD9006334CF /* CommonListViewController.xib */,
			);
			path = Views;
			sourceTree = "<group>";
		};
/* End PBXGroup section */

/* Begin PBXNativeTarget section */
		8E06587B23801342006334CF /* CarDealerApp */ = {
			isa = PBXNativeTarget;
			buildConfigurationList = 8E06589923801344006334CF /* Build configuration list for PBXNativeTarget "CarDealerApp" */;
			buildPhases = (
				8E06587823801342006334CF /* Sources */,
				8E06587923801342006334CF /* Frameworks */,
				8E06587A23801342006334CF /* Resources */,
			);
			buildRules = (
			);
			dependencies = (
			);
			name = CarDealerApp;
			productName = CarDealerApp;
			productReference = 8E06587C23801342006334CF /* CarDealerApp.app */;
			productType = "com.apple.product-type.application";
		};
		8E06588F23801344006334CF /* CarDealerAppTests */ = {
			isa = PBXNativeTarget;
			buildConfigurationList = 8E06589C23801344006334CF /* Build configuration list for PBXNativeTarget "CarDealerAppTests" */;
			buildPhases = (
				8E06588C23801344006334CF /* Sources */,
				8E06588D23801344006334CF /* Frameworks */,
				8E06588E23801344006334CF /* Resources */,
			);
			buildRules = (
			);
			dependencies = (
				8E06589223801344006334CF /* PBXTargetDependency */,
			);
			name = CarDealerAppTests;
			productName = CarDealerAppTests;
			productReference = 8E06589023801344006334CF /* CarDealerAppTests.xctest */;
			productType = "com.apple.product-type.bundle.unit-test";
		};
/* End PBXNativeTarget section */

/* Begin PBXProject section */
		8E06587423801342006334CF /* Project object */ = {
			isa = PBXProject;
			attributes = {
				LastSwiftUpdateCheck = 1010;
				LastUpgradeCheck = 1010;
				ORGANIZATIONNAME = "Orlando Arzola";
				TargetAttributes = {
					8E06587B23801342006334CF = {
						CreatedOnToolsVersion = 10.1;
					};
					8E06588F23801344006334CF = {
						CreatedOnToolsVersion = 10.1;
						TestTargetID = 8E06587B23801342006334CF;
					};
				};
			};
			buildConfigurationList = 8E06587723801342006334CF /* Build configuration list for PBXProject "CarDealerApp" */;
			compatibilityVersion = "Xcode 9.3";
			developmentRegion = en;
			hasScannedForEncodings = 0;
			knownRegions = (
				en,
				Base,
			);
			mainGroup = 8E06587323801342006334CF;
			productRefGroup = 8E06587D23801342006334CF /* Products */;
			projectDirPath = "";
			projectRoot = "";
			targets = (
				8E06587B23801342006334CF /* CarDealerApp */,
				8E06588F23801344006334CF /* CarDealerAppTests */,
			);
		};
/* End PBXProject section */

/* Begin PBXResourcesBuildPhase section */
		8E06587A23801342006334CF /* Resources */ = {
			isa = PBXResourcesBuildPhase;
			buildActionMask = 2147483647;
			files = (
				8E06588A23801343006334CF /* LaunchScreen.storyboard in Resources */,
				8E0658C423802BCE006334CF /* LoadingTableViewCell.xib in Resources */,
				8E0658BF2380281D006334CF /* ManufacturerTableViewCell.xib in Resources */,
				8E06588723801343006334CF /* Assets.xcassets in Resources */,
				8E0658D723804CD9006334CF /* CommonListViewController.xib in Resources */,
			);
			runOnlyForDeploymentPostprocessing = 0;
		};
		8E06588E23801344006334CF /* Resources */ = {
			isa = PBXResourcesBuildPhase;
			buildActionMask = 2147483647;
			files = (
			);
			runOnlyForDeploymentPostprocessing = 0;
		};
/* End PBXResourcesBuildPhase section */

/* Begin PBXSourcesBuildPhase section */
		8E06587823801342006334CF /* Sources */ = {
			isa = PBXSourcesBuildPhase;
			buildActionMask = 2147483647;
			files = (
				8E0658B623801DDC006334CF /* ManufacturerModels.swift in Sources */,
				8E0658B423801DDC006334CF /* ManufacturerWorker.swift in Sources */,
				8E0658D92380553C006334CF /* ManufacturerModel.swift in Sources */,
				8E0658CC23804A3C006334CF /* CarModelsWorker.swift in Sources */,
				8E0658BE2380281D006334CF /* ManufacturerTableViewCell.swift in Sources */,
				8E0658C323802BCE006334CF /* LoadingTableViewCell.swift in Sources */,
				8E0658CF23804A3C006334CF /* CarModelsViewController.swift in Sources */,
				8E0658D023804A3C006334CF /* CarModelsInteractor.swift in Sources */,
				8E0658B823801DDC006334CF /* ManufacturerInteractor.swift in Sources */,
				8E0658DB2380583D006334CF /* CommonInteractor.swift in Sources */,
				8E0658B523801DDC006334CF /* ManufacturerRouter.swift in Sources */,
				8E0658A223801694006334CF /* CarDealerAPI.swift in Sources */,
				8E0658A52380179B006334CF /* CarDealerResponse.swift in Sources */,
				8E0658A723801838006334CF /* Client.swift in Sources */,
				8E0658AA23801B6B006334CF /* CarDealerConstants .swift in Sources */,
				8E0658CE23804A3C006334CF /* CarModelsModels.swift in Sources */,
				8E0658CD23804A3C006334CF /* CarModelsRouter.swift in Sources */,
				8E06588023801342006334CF /* AppDelegate.swift in Sources */,
				8E0658CB23804A3C006334CF /* CarModelsPresenter.swift in Sources */,
				8E0658D623804CD9006334CF /* CommonListViewController.swift in Sources */,
				8E0658B723801DDC006334CF /* ManufacturerViewController.swift in Sources */,
				8E0658B323801DDC006334CF /* ManufacturerPresenter.swift in Sources */,
			);
			runOnlyForDeploymentPostprocessing = 0;
		};
		8E06588C23801344006334CF /* Sources */ = {
			isa = PBXSourcesBuildPhase;
			buildActionMask = 2147483647;
			files = (
				8E06589523801344006334CF /* CarDealerAppTests.swift in Sources */,
			);
			runOnlyForDeploymentPostprocessing = 0;
		};
/* End PBXSourcesBuildPhase section */

/* Begin PBXTargetDependency section */
		8E06589223801344006334CF /* PBXTargetDependency */ = {
			isa = PBXTargetDependency;
			target = 8E06587B23801342006334CF /* CarDealerApp */;
			targetProxy = 8E06589123801344006334CF /* PBXContainerItemProxy */;
		};
/* End PBXTargetDependency section */

/* Begin PBXVariantGroup section */
		8E06588823801343006334CF /* LaunchScreen.storyboard */ = {
			isa = PBXVariantGroup;
			children = (
				8E06588923801343006334CF /* Base */,
			);
			name = LaunchScreen.storyboard;
			sourceTree = "<group>";
		};
/* End PBXVariantGroup section */

/* Begin XCBuildConfiguration section */
		8E06589723801344006334CF /* Debug */ = {
			isa = XCBuildConfiguration;
			buildSettings = {
				ALWAYS_SEARCH_USER_PATHS = NO;
				CLANG_ANALYZER_NONNULL = YES;
				CLANG_ANALYZER_NUMBER_OBJECT_CONVERSION = YES_AGGRESSIVE;
				CLANG_CXX_LANGUAGE_STANDARD = "gnu++14";
				CLANG_CXX_LIBRARY = "libc++";
				CLANG_ENABLE_MODULES = YES;
				CLANG_ENABLE_OBJC_ARC = YES;
				CLANG_ENABLE_OBJC_WEAK = YES;
				CLANG_WARN_BLOCK_CAPTURE_AUTORELEASING = YES;
				CLANG_WARN_BOOL_CONVERSION = YES;
				CLANG_WARN_COMMA = YES;
				CLANG_WARN_CONSTANT_CONVERSION = YES;
				CLANG_WARN_DEPRECATED_OBJC_IMPLEMENTATIONS = YES;
				CLANG_WARN_DIRECT_OBJC_ISA_USAGE = YES_ERROR;
				CLANG_WARN_DOCUMENTATION_COMMENTS = YES;
				CLANG_WARN_EMPTY_BODY = YES;
				CLANG_WARN_ENUM_CONVERSION = YES;
				CLANG_WARN_INFINITE_RECURSION = YES;
				CLANG_WARN_INT_CONVERSION = YES;
				CLANG_WARN_NON_LITERAL_NULL_CONVERSION = YES;
				CLANG_WARN_OBJC_IMPLICIT_RETAIN_SELF = YES;
				CLANG_WARN_OBJC_LITERAL_CONVERSION = YES;
				CLANG_WARN_OBJC_ROOT_CLASS = YES_ERROR;
				CLANG_WARN_RANGE_LOOP_ANALYSIS = YES;
				CLANG_WARN_STRICT_PROTOTYPES = YES;
				CLANG_WARN_SUSPICIOUS_MOVE = YES;
				CLANG_WARN_UNGUARDED_AVAILABILITY = YES_AGGRESSIVE;
				CLANG_WARN_UNREACHABLE_CODE = YES;
				CLANG_WARN__DUPLICATE_METHOD_MATCH = YES;
				CODE_SIGN_IDENTITY = "iPhone Developer";
				COPY_PHASE_STRIP = NO;
				DEBUG_INFORMATION_FORMAT = dwarf;
				ENABLE_STRICT_OBJC_MSGSEND = YES;
				ENABLE_TESTABILITY = YES;
				GCC_C_LANGUAGE_STANDARD = gnu11;
				GCC_DYNAMIC_NO_PIC = NO;
				GCC_NO_COMMON_BLOCKS = YES;
				GCC_OPTIMIZATION_LEVEL = 0;
				GCC_PREPROCESSOR_DEFINITIONS = (
					"DEBUG=1",
					"$(inherited)",
				);
				GCC_WARN_64_TO_32_BIT_CONVERSION = YES;
				GCC_WARN_ABOUT_RETURN_TYPE = YES_ERROR;
				GCC_WARN_UNDECLARED_SELECTOR = YES;
				GCC_WARN_UNINITIALIZED_AUTOS = YES_AGGRESSIVE;
				GCC_WARN_UNUSED_FUNCTION = YES;
				GCC_WARN_UNUSED_VARIABLE = YES;
				IPHONEOS_DEPLOYMENT_TARGET = 12.1;
				MTL_ENABLE_DEBUG_INFO = INCLUDE_SOURCE;
				MTL_FAST_MATH = YES;
				ONLY_ACTIVE_ARCH = YES;
				SDKROOT = iphoneos;
				SWIFT_ACTIVE_COMPILATION_CONDITIONS = DEBUG;
				SWIFT_OPTIMIZATION_LEVEL = "-Onone";
			};
			name = Debug;
		};
		8E06589823801344006334CF /* Release */ = {
			isa = XCBuildConfiguration;
			buildSettings = {
				ALWAYS_SEARCH_USER_PATHS = NO;
				CLANG_ANALYZER_NONNULL = YES;
				CLANG_ANALYZER_NUMBER_OBJECT_CONVERSION = YES_AGGRESSIVE;
				CLANG_CXX_LANGUAGE_STANDARD = "gnu++14";
				CLANG_CXX_LIBRARY = "libc++";
				CLANG_ENABLE_MODULES = YES;
				CLANG_ENABLE_OBJC_ARC = YES;
				CLANG_ENABLE_OBJC_WEAK = YES;
				CLANG_WARN_BLOCK_CAPTURE_AUTORELEASING = YES;
				CLANG_WARN_BOOL_CONVERSION = YES;
				CLANG_WARN_COMMA = YES;
				CLANG_WARN_CONSTANT_CONVERSION = YES;
				CLANG_WARN_DEPRECATED_OBJC_IMPLEMENTATIONS = YES;
				CLANG_WARN_DIRECT_OBJC_ISA_USAGE = YES_ERROR;
				CLANG_WARN_DOCUMENTATION_COMMENTS = YES;
				CLANG_WARN_EMPTY_BODY = YES;
				CLANG_WARN_ENUM_CONVERSION = YES;
				CLANG_WARN_INFINITE_RECURSION = YES;
				CLANG_WARN_INT_CONVERSION = YES;
				CLANG_WARN_NON_LITERAL_NULL_CONVERSION = YES;
				CLANG_WARN_OBJC_IMPLICIT_RETAIN_SELF = YES;
				CLANG_WARN_OBJC_LITERAL_CONVERSION = YES;
				CLANG_WARN_OBJC_ROOT_CLASS = YES_ERROR;
				CLANG_WARN_RANGE_LOOP_ANALYSIS = YES;
				CLANG_WARN_STRICT_PROTOTYPES = YES;
				CLANG_WARN_SUSPICIOUS_MOVE = YES;
				CLANG_WARN_UNGUARDED_AVAILABILITY = YES_AGGRESSIVE;
				CLANG_WARN_UNREACHABLE_CODE = YES;
				CLANG_WARN__DUPLICATE_METHOD_MATCH = YES;
				CODE_SIGN_IDENTITY = "iPhone Developer";
				COPY_PHASE_STRIP = NO;
				DEBUG_INFORMATION_FORMAT = "dwarf-with-dsym";
				ENABLE_NS_ASSERTIONS = NO;
				ENABLE_STRICT_OBJC_MSGSEND = YES;
				GCC_C_LANGUAGE_STANDARD = gnu11;
				GCC_NO_COMMON_BLOCKS = YES;
				GCC_WARN_64_TO_32_BIT_CONVERSION = YES;
				GCC_WARN_ABOUT_RETURN_TYPE = YES_ERROR;
				GCC_WARN_UNDECLARED_SELECTOR = YES;
				GCC_WARN_UNINITIALIZED_AUTOS = YES_AGGRESSIVE;
				GCC_WARN_UNUSED_FUNCTION = YES;
				GCC_WARN_UNUSED_VARIABLE = YES;
				IPHONEOS_DEPLOYMENT_TARGET = 12.1;
				MTL_ENABLE_DEBUG_INFO = NO;
				MTL_FAST_MATH = YES;
				SDKROOT = iphoneos;
				SWIFT_COMPILATION_MODE = wholemodule;
				SWIFT_OPTIMIZATION_LEVEL = "-O";
				VALIDATE_PRODUCT = YES;
			};
			name = Release;
		};
		8E06589A23801344006334CF /* Debug */ = {
			isa = XCBuildConfiguration;
			buildSettings = {
				ASSETCATALOG_COMPILER_APPICON_NAME = AppIcon;
				CODE_SIGN_STYLE = Automatic;
				DEVELOPMENT_TEAM = U35J9FZQWQ;
				INFOPLIST_FILE = CarDealerApp/Info.plist;
				LD_RUNPATH_SEARCH_PATHS = (
					"$(inherited)",
					"@executable_path/Frameworks",
				);
				PRODUCT_BUNDLE_IDENTIFIER = OrlandoArzola.CarDealerApp;
				PRODUCT_NAME = "$(TARGET_NAME)";
				SWIFT_VERSION = 4.2;
				TARGETED_DEVICE_FAMILY = "1,2";
			};
			name = Debug;
		};
		8E06589B23801344006334CF /* Release */ = {
			isa = XCBuildConfiguration;
			buildSettings = {
				ASSETCATALOG_COMPILER_APPICON_NAME = AppIcon;
				CODE_SIGN_STYLE = Automatic;
				DEVELOPMENT_TEAM = U35J9FZQWQ;
				INFOPLIST_FILE = CarDealerApp/Info.plist;
				LD_RUNPATH_SEARCH_PATHS = (
					"$(inherited)",
					"@executable_path/Frameworks",
				);
				PRODUCT_BUNDLE_IDENTIFIER = OrlandoArzola.CarDealerApp;
				PRODUCT_NAME = "$(TARGET_NAME)";
				SWIFT_VERSION = 4.2;
				TARGETED_DEVICE_FAMILY = "1,2";
			};
			name = Release;
		};
		8E06589D23801344006334CF /* Debug */ = {
			isa = XCBuildConfiguration;
			buildSettings = {
				ALWAYS_EMBED_SWIFT_STANDARD_LIBRARIES = YES;
				BUNDLE_LOADER = "$(TEST_HOST)";
				CODE_SIGN_STYLE = Automatic;
				DEVELOPMENT_TEAM = U35J9FZQWQ;
				INFOPLIST_FILE = CarDealerAppTests/Info.plist;
				LD_RUNPATH_SEARCH_PATHS = (
					"$(inherited)",
					"@executable_path/Frameworks",
					"@loader_path/Frameworks",
				);
				PRODUCT_BUNDLE_IDENTIFIER = OrlandoArzola.CarDealerAppTests;
				PRODUCT_NAME = "$(TARGET_NAME)";
				SWIFT_VERSION = 4.2;
				TARGETED_DEVICE_FAMILY = "1,2";
				TEST_HOST = "$(BUILT_PRODUCTS_DIR)/CarDealerApp.app/CarDealerApp";
			};
			name = Debug;
		};
		8E06589E23801344006334CF /* Release */ = {
			isa = XCBuildConfiguration;
			buildSettings = {
				ALWAYS_EMBED_SWIFT_STANDARD_LIBRARIES = YES;
				BUNDLE_LOADER = "$(TEST_HOST)";
				CODE_SIGN_STYLE = Automatic;
				DEVELOPMENT_TEAM = U35J9FZQWQ;
				INFOPLIST_FILE = CarDealerAppTests/Info.plist;
				LD_RUNPATH_SEARCH_PATHS = (
					"$(inherited)",
					"@executable_path/Frameworks",
					"@loader_path/Frameworks",
				);
				PRODUCT_BUNDLE_IDENTIFIER = OrlandoArzola.CarDealerAppTests;
				PRODUCT_NAME = "$(TARGET_NAME)";
				SWIFT_VERSION = 4.2;
				TARGETED_DEVICE_FAMILY = "1,2";
				TEST_HOST = "$(BUILT_PRODUCTS_DIR)/CarDealerApp.app/CarDealerApp";
			};
			name = Release;
		};
/* End XCBuildConfiguration section */

/* Begin XCConfigurationList section */
		8E06587723801342006334CF /* Build configuration list for PBXProject "CarDealerApp" */ = {
			isa = XCConfigurationList;
			buildConfigurations = (
				8E06589723801344006334CF /* Debug */,
				8E06589823801344006334CF /* Release */,
			);
			defaultConfigurationIsVisible = 0;
			defaultConfigurationName = Release;
		};
		8E06589923801344006334CF /* Build configuration list for PBXNativeTarget "CarDealerApp" */ = {
			isa = XCConfigurationList;
			buildConfigurations = (
				8E06589A23801344006334CF /* Debug */,
				8E06589B23801344006334CF /* Release */,
			);
			defaultConfigurationIsVisible = 0;
			defaultConfigurationName = Release;
		};
		8E06589C23801344006334CF /* Build configuration list for PBXNativeTarget "CarDealerAppTests" */ = {
			isa = XCConfigurationList;
			buildConfigurations = (
				8E06589D23801344006334CF /* Debug */,
				8E06589E23801344006334CF /* Release */,
			);
			defaultConfigurationIsVisible = 0;
			defaultConfigurationName = Release;
		};
/* End XCConfigurationList section */
	};
	rootObject = 8E06587423801342006334CF /* Project object */;
}
